
Microsoft Visual Studio Solution File, Format Version 12.00
# Visual Studio Version 17
VisualStudioVersion = 17.4.33213.308
MinimumVisualStudioVersion = 10.0.40219.1
Project("{FAE04EC0-301F-11D3-BF4B-00C04F79EFBC}") = "Homework-8", "Homework-8.csproj", "{BE5E42A0-E6C2-4212-AB19-C592027262EF}"
EndProject
Global
	GlobalSection(SolutionConfigurationPlatforms) = preSolution
		Debug|Any CPU = Debug|Any CPU
		Release|Any CPU = Release|Any CPU
	EndGlobalSection
	GlobalSection(ProjectConfigurationPlatforms) = postSolution
		{BE5E42A0-E6C2-4212-AB19-C592027262EF}.Debug|Any CPU.ActiveCfg = Debug|Any CPU
		{BE5E42A0-E6C2-4212-AB19-C592027262EF}.Debug|Any CPU.Build.0 = Debug|Any CPU
		{BE5E42A0-E6C2-4212-AB19-C592027262EF}.Release|Any CPU.ActiveCfg = Release|Any CPU
		{BE5E42A0-E6C2-4212-AB19-C592027262EF}.Release|Any CPU.Build.0 = Release|Any CPU
	EndGlobalSection
	GlobalSection(SolutionProperties) = preSolution
		HideSolutionNode = FALSE
	EndGlobalSection
	GlobalSection(ExtensibilityGlobals) = postSolution
		SolutionGuid = {96AA6143-7CB4-40AE-B4A6-D9F2DE334A0E}
	EndGlobalSection
EndGlobal
